
Microsoft Visual Studio Solution File, Format Version 9.00
# Visual Studio 2005
Project("{FAE04EC0-301F-11D3-BF4B-00C04F79EFBC}") = "UI", "UI\UI.csproj", "{EADB6355-0948-4D3D-99EF-327C069C384C}"
EndProject
Project("{FAE04EC0-301F-11D3-BF4B-00C04F79EFBC}") = "DAO", "DAO\DAO.csproj", "{5A78E38B-DC98-4E2D-8A68-8FAFE806554E}"
EndProject
Project("{FAE04EC0-301F-11D3-BF4B-00C04F79EFBC}") = "BO", "BO\BO.csproj", "{D1B86D35-9B04-4948-80DB-75CB7792197F}"
EndProject
Project("{FAE04EC0-301F-11D3-BF4B-00C04F79EFBC}") = "Control", "Control\Control.csproj", "{0304854B-2A6D-4BBF-81A6-04443CF2655C}"
EndProject
Global
	GlobalSection(SolutionConfigurationPlatforms) = preSolution
		Debug|Any CPU = Debug|Any CPU
		Release|Any CPU = Release|Any CPU
	EndGlobalSection
	GlobalSection(ProjectConfigurationPlatforms) = postSolution
		{EADB6355-0948-4D3D-99EF-327C069C384C}.Debug|Any CPU.ActiveCfg = Debug|Any CPU
		{EADB6355-0948-4D3D-99EF-327C069C384C}.Debug|Any CPU.Build.0 = Debug|Any CPU
		{EADB6355-0948-4D3D-99EF-327C069C384C}.Release|Any CPU.ActiveCfg = Release|Any CPU
		{EADB6355-0948-4D3D-99EF-327C069C384C}.Release|Any CPU.Build.0 = Release|Any CPU
		{5A78E38B-DC98-4E2D-8A68-8FAFE806554E}.Debug|Any CPU.ActiveCfg = Debug|Any CPU
		{5A78E38B-DC98-4E2D-8A68-8FAFE806554E}.Debug|Any CPU.Build.0 = Debug|Any CPU
		{5A78E38B-DC98-4E2D-8A68-8FAFE806554E}.Release|Any CPU.ActiveCfg = Release|Any CPU
		{5A78E38B-DC98-4E2D-8A68-8FAFE806554E}.Release|Any CPU.Build.0 = Release|Any CPU
		{D1B86D35-9B04-4948-80DB-75CB7792197F}.Debug|Any CPU.ActiveCfg = Debug|Any CPU
		{D1B86D35-9B04-4948-80DB-75CB7792197F}.Debug|Any CPU.Build.0 = Debug|Any CPU
		{D1B86D35-9B04-4948-80DB-75CB7792197F}.Release|Any CPU.ActiveCfg = Release|Any CPU
		{D1B86D35-9B04-4948-80DB-75CB7792197F}.Release|Any CPU.Build.0 = Release|Any CPU
		{0304854B-2A6D-4BBF-81A6-04443CF2655C}.Debug|Any CPU.ActiveCfg = Debug|Any CPU
		{0304854B-2A6D-4BBF-81A6-04443CF2655C}.Debug|Any CPU.Build.0 = Debug|Any CPU
		{0304854B-2A6D-4BBF-81A6-04443CF2655C}.Release|Any CPU.ActiveCfg = Release|Any CPU
		{0304854B-2A6D-4BBF-81A6-04443CF2655C}.Release|Any CPU.Build.0 = Release|Any CPU
	EndGlobalSection
	GlobalSection(SolutionProperties) = preSolution
		HideSolutionNode = FALSE
	EndGlobalSection
EndGlobal
